
Microsoft Visual Studio Solution File, Format Version 12.00
# Visual Studio Version 16
VisualStudioVersion = 16.0.30330.147
MinimumVisualStudioVersion = 10.0.40219.1
Project("{FAE04EC0-301F-11D3-BF4B-00C04F79EFBC}") = "APIStudent", "APIStudent\APIStudent.csproj", "{9C3E2F6A-AD09-4466-BFB8-C0ED1A249450}"
EndProject
Global
	GlobalSection(SolutionConfigurationPlatforms) = preSolution
		Debug|Any CPU = Debug|Any CPU
		Release|Any CPU = Release|Any CPU
	EndGlobalSection
	GlobalSection(ProjectConfigurationPlatforms) = postSolution
		{9C3E2F6A-AD09-4466-BFB8-C0ED1A249450}.Debug|Any CPU.ActiveCfg = Debug|Any CPU
		{9C3E2F6A-AD09-4466-BFB8-C0ED1A249450}.Debug|Any CPU.Build.0 = Debug|Any CPU
		{9C3E2F6A-AD09-4466-BFB8-C0ED1A249450}.Release|Any CPU.ActiveCfg = Release|Any CPU
		{9C3E2F6A-AD09-4466-BFB8-C0ED1A249450}.Release|Any CPU.Build.0 = Release|Any CPU
	EndGlobalSection
	GlobalSection(SolutionProperties) = preSolution
		HideSolutionNode = FALSE
	EndGlobalSection
	GlobalSection(ExtensibilityGlobals) = postSolution
		SolutionGuid = {551D401B-B213-4984-AB75-093F6AD8B72A}
	EndGlobalSection
EndGlobal
